// !$*UTF8*$!
{
	archiveVersion = 1;
	classes = {
	};
	objectVersion = 46;
	objects = {

/* Begin PBXBuildFile section */
		59B5A04C21970DD60001AEE3 /* RootViewController.xib in Resources */ = {isa = PBXBuildFile; fileRef = 59B5A04821970DD60001AEE3 /* RootViewController.xib */; };
		59B5A04D21970DD60001AEE3 /* Assets.xcassets in Resources */ = {isa = PBXBuildFile; fileRef = 59B5A04921970DD60001AEE3 /* Assets.xcassets */; };
		59B5A04E21970DD60001AEE3 /* RootViewController.swift in Sources */ = {isa = PBXBuildFile; fileRef = 59B5A04A21970DD60001AEE3 /* RootViewController.swift */; };
		59B5A05021970E210001AEE3 /* Podfile in Resources */ = {isa = PBXBuildFile; fileRef = 59B5A04F21970E210001AEE3 /* Podfile */; };
		59B5A1BB219719220001AEE3 /* LaunchScreen.xib in Resources */ = {isa = PBXBuildFile; fileRef = 59B5A1BA219719220001AEE3 /* LaunchScreen.xib */; };
		59B5A1BF219735D80001AEE3 /* SamplePluginViewController.swift in Sources */ = {isa = PBXBuildFile; fileRef = 59B5A1BD219735D80001AEE3 /* SamplePluginViewController.swift */; };
		59B5A1C0219735D80001AEE3 /* SamplePluginViewController.xib in Resources */ = {isa = PBXBuildFile; fileRef = 59B5A1BE219735D80001AEE3 /* SamplePluginViewController.xib */; };
		607FACD61AFB9204008FA782 /* AppDelegate.swift in Sources */ = {isa = PBXBuildFile; fileRef = 607FACD51AFB9204008FA782 /* AppDelegate.swift */; };
		B145F7B2E04F2DBAB150F3B5 /* libPods-Galileo-iOS_Example.a in Frameworks */ = {isa = PBXBuildFile; fileRef = FF4EC36A33FC8C5140860F61 /* libPods-Galileo-iOS_Example.a */; };
/* End PBXBuildFile section */

/* Begin PBXFileReference section */
		1DBE614850D562DD28E18275 /* Pods-Galileo-iOS_Tests.release.xcconfig */ = {isa = PBXFileReference; includeInIndex = 1; lastKnownFileType = text.xcconfig; name = "Pods-Galileo-iOS_Tests.release.xcconfig"; path = "Pods/Target Support Files/Pods-Galileo-iOS_Tests/Pods-Galileo-iOS_Tests.release.xcconfig"; sourceTree = "<group>"; };
		425EAED830583FDF9288DC28 /* README.md */ = {isa = PBXFileReference; includeInIndex = 1; lastKnownFileType = net.daringfireball.markdown; name = README.md; path = ../README.md; sourceTree = "<group>"; };
		52570F0CC03C3408547DD826 /* Pods-Galileo-iOS_Tests.debug.xcconfig */ = {isa = PBXFileReference; includeInIndex = 1; lastKnownFileType = text.xcconfig; name = "Pods-Galileo-iOS_Tests.debug.xcconfig"; path = "Pods/Target Support Files/Pods-Galileo-iOS_Tests/Pods-Galileo-iOS_Tests.debug.xcconfig"; sourceTree = "<group>"; };
		59B5A04821970DD60001AEE3 /* RootViewController.xib */ = {isa = PBXFileReference; fileEncoding = 4; lastKnownFileType = file.xib; path = RootViewController.xib; sourceTree = "<group>"; };
		59B5A04921970DD60001AEE3 /* Assets.xcassets */ = {isa = PBXFileReference; lastKnownFileType = folder.assetcatalog; path = Assets.xcassets; sourceTree = "<group>"; };
		59B5A04A21970DD60001AEE3 /* RootViewController.swift */ = {isa = PBXFileReference; fileEncoding = 4; lastKnownFileType = sourcecode.swift; path = RootViewController.swift; sourceTree = "<group>"; };
		59B5A04F21970E210001AEE3 /* Podfile */ = {isa = PBXFileReference; fileEncoding = 4; lastKnownFileType = text; path = Podfile; sourceTree = SOURCE_ROOT; xcLanguageSpecificationIdentifier = xcode.lang.ruby; };
		59B5A1BA219719220001AEE3 /* LaunchScreen.xib */ = {isa = PBXFileReference; lastKnownFileType = file.xib; path = LaunchScreen.xib; sourceTree = "<group>"; };
		59B5A1BD219735D80001AEE3 /* SamplePluginViewController.swift */ = {isa = PBXFileReference; fileEncoding = 4; lastKnownFileType = sourcecode.swift; path = SamplePluginViewController.swift; sourceTree = "<group>"; };
		59B5A1BE219735D80001AEE3 /* SamplePluginViewController.xib */ = {isa = PBXFileReference; fileEncoding = 4; lastKnownFileType = file.xib; path = SamplePluginViewController.xib; sourceTree = "<group>"; };
		607FACD01AFB9204008FA782 /* Galileo-iOS_Example.app */ = {isa = PBXFileReference; explicitFileType = wrapper.application; includeInIndex = 0; path = "Galileo-iOS_Example.app"; sourceTree = BUILT_PRODUCTS_DIR; };
		607FACD41AFB9204008FA782 /* Info.plist */ = {isa = PBXFileReference; lastKnownFileType = text.plist.xml; path = Info.plist; sourceTree = "<group>"; };
		607FACD51AFB9204008FA782 /* AppDelegate.swift */ = {isa = PBXFileReference; lastKnownFileType = sourcecode.swift; path = AppDelegate.swift; sourceTree = "<group>"; };
		AED1D9A371DEC58ACFB7F38E /* Pods_Galileo_iOS_Tests.framework */ = {isa = PBXFileReference; explicitFileType = wrapper.framework; includeInIndex = 0; path = Pods_Galileo_iOS_Tests.framework; sourceTree = BUILT_PRODUCTS_DIR; };
		C0F599B1FBB0772A839F90B2 /* LICENSE */ = {isa = PBXFileReference; includeInIndex = 1; lastKnownFileType = text; name = LICENSE; path = ../LICENSE; sourceTree = "<group>"; };
		D520FD5E3CCF06B3B33D4A86 /* Pods-Galileo-iOS_Example.release.xcconfig */ = {isa = PBXFileReference; includeInIndex = 1; lastKnownFileType = text.xcconfig; name = "Pods-Galileo-iOS_Example.release.xcconfig"; path = "Pods/Target Support Files/Pods-Galileo-iOS_Example/Pods-Galileo-iOS_Example.release.xcconfig"; sourceTree = "<group>"; };
		D83DC390CE534B489EF81986 /* Pods-Galileo-iOS_Example.debug.xcconfig */ = {isa = PBXFileReference; includeInIndex = 1; lastKnownFileType = text.xcconfig; name = "Pods-Galileo-iOS_Example.debug.xcconfig"; path = "Pods/Target Support Files/Pods-Galileo-iOS_Example/Pods-Galileo-iOS_Example.debug.xcconfig"; sourceTree = "<group>"; };
		DB218E99FD3B04B9635F3F21 /* Galileo-iOS.podspec */ = {isa = PBXFileReference; includeInIndex = 1; lastKnownFileType = text; name = "Galileo-iOS.podspec"; path = "../Galileo-iOS.podspec"; sourceTree = "<group>"; xcLanguageSpecificationIdentifier = xcode.lang.ruby; };
		FF4EC36A33FC8C5140860F61 /* libPods-Galileo-iOS_Example.a */ = {isa = PBXFileReference; explicitFileType = archive.ar; includeInIndex = 0; path = "libPods-Galileo-iOS_Example.a"; sourceTree = BUILT_PRODUCTS_DIR; };
/* End PBXFileReference section */

/* Begin PBXFrameworksBuildPhase section */
		607FACCD1AFB9204008FA782 /* Frameworks */ = {
			isa = PBXFrameworksBuildPhase;
			buildActionMask = 2147483647;
			files = (
				B145F7B2E04F2DBAB150F3B5 /* libPods-Galileo-iOS_Example.a in Frameworks */,
			);
			runOnlyForDeploymentPostprocessing = 0;
		};
/* End PBXFrameworksBuildPhase section */

/* Begin PBXGroup section */
		59B5A1BC219735B70001AEE3 /* Sample Plugin */ = {
			isa = PBXGroup;
			children = (
				59B5A1BD219735D80001AEE3 /* SamplePluginViewController.swift */,
				59B5A1BE219735D80001AEE3 /* SamplePluginViewController.xib */,
			);
			name = "Sample Plugin";
			sourceTree = "<group>";
		};
		607FACC71AFB9204008FA782 = {
			isa = PBXGroup;
			children = (
				607FACD21AFB9204008FA782 /* Example for Galileo-iOS */,
				607FACF51AFB993E008FA782 /* Podspec Metadata */,
				607FACD11AFB9204008FA782 /* Products */,
				E410E689A456328B3FE55EED /* Pods */,
				D61876259A54A55177FFF86C /* Frameworks */,
			);
			sourceTree = "<group>";
		};
		607FACD11AFB9204008FA782 /* Products */ = {
			isa = PBXGroup;
			children = (
				607FACD01AFB9204008FA782 /* Galileo-iOS_Example.app */,
			);
			name = Products;
			sourceTree = "<group>";
		};
		607FACD21AFB9204008FA782 /* Example for Galileo-iOS */ = {
			isa = PBXGroup;
			children = (
				59B5A1BC219735B70001AEE3 /* Sample Plugin */,
				607FACD51AFB9204008FA782 /* AppDelegate.swift */,
				59B5A04A21970DD60001AEE3 /* RootViewController.swift */,
				59B5A04821970DD60001AEE3 /* RootViewController.xib */,
				59B5A1BA219719220001AEE3 /* LaunchScreen.xib */,
				59B5A04921970DD60001AEE3 /* Assets.xcassets */,
				607FACD31AFB9204008FA782 /* Supporting Files */,
			);
			name = "Example for Galileo-iOS";
			path = "Galileo-iOS";
			sourceTree = "<group>";
		};
		607FACD31AFB9204008FA782 /* Supporting Files */ = {
			isa = PBXGroup;
			children = (
				59B5A04F21970E210001AEE3 /* Podfile */,
				607FACD41AFB9204008FA782 /* Info.plist */,
			);
			name = "Supporting Files";
			sourceTree = "<group>";
		};
		607FACF51AFB993E008FA782 /* Podspec Metadata */ = {
			isa = PBXGroup;
			children = (
				DB218E99FD3B04B9635F3F21 /* Galileo-iOS.podspec */,
				425EAED830583FDF9288DC28 /* README.md */,
				C0F599B1FBB0772A839F90B2 /* LICENSE */,
			);
			name = "Podspec Metadata";
			sourceTree = "<group>";
		};
		D61876259A54A55177FFF86C /* Frameworks */ = {
			isa = PBXGroup;
			children = (
				AED1D9A371DEC58ACFB7F38E /* Pods_Galileo_iOS_Tests.framework */,
				FF4EC36A33FC8C5140860F61 /* libPods-Galileo-iOS_Example.a */,
			);
			name = Frameworks;
			sourceTree = "<group>";
		};
		E410E689A456328B3FE55EED /* Pods */ = {
			isa = PBXGroup;
			children = (
				D83DC390CE534B489EF81986 /* Pods-Galileo-iOS_Example.debug.xcconfig */,
				D520FD5E3CCF06B3B33D4A86 /* Pods-Galileo-iOS_Example.release.xcconfig */,
				52570F0CC03C3408547DD826 /* Pods-Galileo-iOS_Tests.debug.xcconfig */,
				1DBE614850D562DD28E18275 /* Pods-Galileo-iOS_Tests.release.xcconfig */,
			);
			name = Pods;
			sourceTree = "<group>";
		};
/* End PBXGroup section */

/* Begin PBXNativeTarget section */
		607FACCF1AFB9204008FA782 /* Galileo-iOS_Example */ = {
			isa = PBXNativeTarget;
			buildConfigurationList = 607FACEF1AFB9204008FA782 /* Build configuration list for PBXNativeTarget "Galileo-iOS_Example" */;
			buildPhases = (
				7083B73E83B47E637B58C306 /* [CP] Check Pods Manifest.lock */,
				607FACCC1AFB9204008FA782 /* Sources */,
				607FACCD1AFB9204008FA782 /* Frameworks */,
				607FACCE1AFB9204008FA782 /* Resources */,
				E4FF4D9DB5FE4ADB7EE1102F /* [CP] Copy Pods Resources */,
			);
			buildRules = (
			);
			dependencies = (
			);
			name = "Galileo-iOS_Example";
			productName = "Galileo-iOS";
			productReference = 607FACD01AFB9204008FA782 /* Galileo-iOS_Example.app */;
			productType = "com.apple.product-type.application";
		};
/* End PBXNativeTarget section */

/* Begin PBXProject section */
		607FACC81AFB9204008FA782 /* Project object */ = {
			isa = PBXProject;
			attributes = {
				LastSwiftUpdateCheck = 0830;
				LastUpgradeCheck = 0830;
				ORGANIZATIONNAME = CocoaPods;
				TargetAttributes = {
					607FACCF1AFB9204008FA782 = {
						CreatedOnToolsVersion = 6.3.1;
						DevelopmentTeam = VHZLJMKCP6;
						LastSwiftMigration = 0900;
					};
				};
			};
			buildConfigurationList = 607FACCB1AFB9204008FA782 /* Build configuration list for PBXProject "Galileo-iOS" */;
			compatibilityVersion = "Xcode 3.2";
			developmentRegion = English;
			hasScannedForEncodings = 0;
			knownRegions = (
				en,
				Base,
			);
			mainGroup = 607FACC71AFB9204008FA782;
			productRefGroup = 607FACD11AFB9204008FA782 /* Products */;
			projectDirPath = "";
			projectRoot = "";
			targets = (
				607FACCF1AFB9204008FA782 /* Galileo-iOS_Example */,
			);
		};
/* End PBXProject section */

/* Begin PBXResourcesBuildPhase section */
		607FACCE1AFB9204008FA782 /* Resources */ = {
			isa = PBXResourcesBuildPhase;
			buildActionMask = 2147483647;
			files = (
				59B5A1BB219719220001AEE3 /* LaunchScreen.xib in Resources */,
				59B5A1C0219735D80001AEE3 /* SamplePluginViewController.xib in Resources */,
				59B5A05021970E210001AEE3 /* Podfile in Resources */,
				59B5A04C21970DD60001AEE3 /* RootViewController.xib in Resources */,
				59B5A04D21970DD60001AEE3 /* Assets.xcassets in Resources */,
			);
			runOnlyForDeploymentPostprocessing = 0;
		};
/* End PBXResourcesBuildPhase section */

/* Begin PBXShellScriptBuildPhase section */
		7083B73E83B47E637B58C306 /* [CP] Check Pods Manifest.lock */ = {
			isa = PBXShellScriptBuildPhase;
			buildActionMask = 2147483647;
			files = (
			);
			inputPaths = (
				"${PODS_PODFILE_DIR_PATH}/Podfile.lock",
				"${PODS_ROOT}/Manifest.lock",
			);
			name = "[CP] Check Pods Manifest.lock";
			outputPaths = (
				"$(DERIVED_FILE_DIR)/Pods-Galileo-iOS_Example-checkManifestLockResult.txt",
			);
			runOnlyForDeploymentPostprocessing = 0;
			shellPath = /bin/sh;
			shellScript = "diff \"${PODS_PODFILE_DIR_PATH}/Podfile.lock\" \"${PODS_ROOT}/Manifest.lock\" > /dev/null\nif [ $? != 0 ] ; then\n    # print error to STDERR\n    echo \"error: The sandbox is not in sync with the Podfile.lock. Run 'pod install' or update your CocoaPods installation.\" >&2\n    exit 1\nfi\n# This output is used by Xcode 'outputs' to avoid re-running this script phase.\necho \"SUCCESS\" > \"${SCRIPT_OUTPUT_FILE_0}\"\n";
			showEnvVarsInLog = 0;
		};
		E4FF4D9DB5FE4ADB7EE1102F /* [CP] Copy Pods Resources */ = {
			isa = PBXShellScriptBuildPhase;
			buildActionMask = 2147483647;
			files = (
			);
			inputFileListPaths = (
			);
			inputPaths = (
				"${SRCROOT}/Pods/Target Support Files/Pods-Galileo-iOS_Example/Pods-Galileo-iOS_Example-resources.sh",
				"${PODS_ROOT}/../../Galileo-iOS/Classes/Main View/View/GalileoMainViewController.xib",
				"${PODS_ROOT}/../../Galileo-iOS/Classes/Plugins/Console Log/ConsoleLogGalileoViewController.xib",
				"${PODS_ROOT}/../../Galileo-iOS/Classes/Plugins/Preferences Plugin/Detail/View/PreferencesDetailGalileoViewController.xib",
				"${PODS_ROOT}/../../Galileo-iOS/Classes/Plugins/Preferences Plugin/List/View/Cell/PreferenceBoolTableViewCell.xib",
				"${PODS_ROOT}/../../Galileo-iOS/Classes/Plugins/Preferences Plugin/List/View/Cell/PreferenceTextTableViewCell.xib",
				"${PODS_ROOT}/../../Galileo-iOS/Classes/Plugins/Preferences Plugin/List/View/PreferencesGalileoViewController.xib",
				"${PODS_ROOT}/../../Galileo-iOS/Assets/Assets.xcassets",
				"${PODS_CONFIGURATION_BUILD_DIR}/Wormholy/Wormholy.bundle",
			);
			name = "[CP] Copy Pods Resources";
			outputFileListPaths = (
			);
			outputPaths = (
				"${TARGET_BUILD_DIR}/${UNLOCALIZED_RESOURCES_FOLDER_PATH}/GalileoMainViewController.nib",
				"${TARGET_BUILD_DIR}/${UNLOCALIZED_RESOURCES_FOLDER_PATH}/ConsoleLogGalileoViewController.nib",
				"${TARGET_BUILD_DIR}/${UNLOCALIZED_RESOURCES_FOLDER_PATH}/PreferencesDetailGalileoViewController.nib",
				"${TARGET_BUILD_DIR}/${UNLOCALIZED_RESOURCES_FOLDER_PATH}/PreferenceBoolTableViewCell.nib",
				"${TARGET_BUILD_DIR}/${UNLOCALIZED_RESOURCES_FOLDER_PATH}/PreferenceTextTableViewCell.nib",
				"${TARGET_BUILD_DIR}/${UNLOCALIZED_RESOURCES_FOLDER_PATH}/PreferencesGalileoViewController.nib",
				"${TARGET_BUILD_DIR}/${UNLOCALIZED_RESOURCES_FOLDER_PATH}/Assets.car",
				"${TARGET_BUILD_DIR}/${UNLOCALIZED_RESOURCES_FOLDER_PATH}/Wormholy.bundle",
			);
			runOnlyForDeploymentPostprocessing = 0;
			shellPath = /bin/sh;
			shellScript = "\"${SRCROOT}/Pods/Target Support Files/Pods-Galileo-iOS_Example/Pods-Galileo-iOS_Example-resources.sh\"\n";
			showEnvVarsInLog = 0;
		};
/* End PBXShellScriptBuildPhase section */

/* Begin PBXSourcesBuildPhase section */
		607FACCC1AFB9204008FA782 /* Sources */ = {
			isa = PBXSourcesBuildPhase;
			buildActionMask = 2147483647;
			files = (
				59B5A1BF219735D80001AEE3 /* SamplePluginViewController.swift in Sources */,
				59B5A04E21970DD60001AEE3 /* RootViewController.swift in Sources */,
				607FACD61AFB9204008FA782 /* AppDelegate.swift in Sources */,
			);
			runOnlyForDeploymentPostprocessing = 0;
		};
/* End PBXSourcesBuildPhase section */

/* Begin XCBuildConfiguration section */
		607FACED1AFB9204008FA782 /* Debug */ = {
			isa = XCBuildConfiguration;
			buildSettings = {
				ALWAYS_SEARCH_USER_PATHS = NO;
				CLANG_CXX_LANGUAGE_STANDARD = "gnu++0x";
				CLANG_CXX_LIBRARY = "libc++";
				CLANG_ENABLE_MODULES = YES;
				CLANG_ENABLE_OBJC_ARC = YES;
				CLANG_WARN_BLOCK_CAPTURE_AUTORELEASING = YES;
				CLANG_WARN_BOOL_CONVERSION = YES;
				CLANG_WARN_COMMA = YES;
				CLANG_WARN_CONSTANT_CONVERSION = YES;
				CLANG_WARN_DIRECT_OBJC_ISA_USAGE = YES_ERROR;
				CLANG_WARN_EMPTY_BODY = YES;
				CLANG_WARN_ENUM_CONVERSION = YES;
				CLANG_WARN_INFINITE_RECURSION = YES;
				CLANG_WARN_INT_CONVERSION = YES;
				CLANG_WARN_NON_LITERAL_NULL_CONVERSION = YES;
				CLANG_WARN_OBJC_LITERAL_CONVERSION = YES;
				CLANG_WARN_OBJC_ROOT_CLASS = YES_ERROR;
				CLANG_WARN_RANGE_LOOP_ANALYSIS = YES;
				CLANG_WARN_STRICT_PROTOTYPES = YES;
				CLANG_WARN_SUSPICIOUS_MOVE = YES;
				CLANG_WARN_UNREACHABLE_CODE = YES;
				CLANG_WARN__DUPLICATE_METHOD_MATCH = YES;
				"CODE_SIGN_IDENTITY[sdk=iphoneos*]" = "iPhone Developer";
				COPY_PHASE_STRIP = NO;
				DEBUG_INFORMATION_FORMAT = "dwarf-with-dsym";
				ENABLE_STRICT_OBJC_MSGSEND = YES;
				ENABLE_TESTABILITY = YES;
				GCC_C_LANGUAGE_STANDARD = gnu99;
				GCC_DYNAMIC_NO_PIC = NO;
				GCC_NO_COMMON_BLOCKS = YES;
				GCC_OPTIMIZATION_LEVEL = 0;
				GCC_PREPROCESSOR_DEFINITIONS = (
					"DEBUG=1",
					"$(inherited)",
				);
				GCC_SYMBOLS_PRIVATE_EXTERN = NO;
				GCC_WARN_64_TO_32_BIT_CONVERSION = YES;
				GCC_WARN_ABOUT_RETURN_TYPE = YES_ERROR;
				GCC_WARN_UNDECLARED_SELECTOR = YES;
				GCC_WARN_UNINITIALIZED_AUTOS = YES_AGGRESSIVE;
				GCC_WARN_UNUSED_FUNCTION = YES;
				GCC_WARN_UNUSED_VARIABLE = YES;
				IPHONEOS_DEPLOYMENT_TARGET = 9.3;
				MTL_ENABLE_DEBUG_INFO = YES;
				ONLY_ACTIVE_ARCH = YES;
				SDKROOT = iphoneos;
				"SWIFT_ACTIVE_COMPILATION_CONDITIONS[arch=*]" = DEBUG;
				SWIFT_OPTIMIZATION_LEVEL = "-Onone";
			};
			name = Debug;
		};
		607FACEE1AFB9204008FA782 /* Release */ = {
			isa = XCBuildConfiguration;
			buildSettings = {
				ALWAYS_SEARCH_USER_PATHS = NO;
				CLANG_CXX_LANGUAGE_STANDARD = "gnu++0x";
				CLANG_CXX_LIBRARY = "libc++";
				CLANG_ENABLE_MODULES = YES;
				CLANG_ENABLE_OBJC_ARC = YES;
				CLANG_WARN_BLOCK_CAPTURE_AUTORELEASING = YES;
				CLANG_WARN_BOOL_CONVERSION = YES;
				CLANG_WARN_COMMA = YES;
				CLANG_WARN_CONSTANT_CONVERSION = YES;
				CLANG_WARN_DIRECT_OBJC_ISA_USAGE = YES_ERROR;
				CLANG_WARN_EMPTY_BODY = YES;
				CLANG_WARN_ENUM_CONVERSION = YES;
				CLANG_WARN_INFINITE_RECURSION = YES;
				CLANG_WARN_INT_CONVERSION = YES;
				CLANG_WARN_NON_LITERAL_NULL_CONVERSION = YES;
				CLANG_WARN_OBJC_LITERAL_CONVERSION = YES;
				CLANG_WARN_OBJC_ROOT_CLASS = YES_ERROR;
				CLANG_WARN_RANGE_LOOP_ANALYSIS = YES;
				CLANG_WARN_STRICT_PROTOTYPES = YES;
				CLANG_WARN_SUSPICIOUS_MOVE = YES;
				CLANG_WARN_UNREACHABLE_CODE = YES;
				CLANG_WARN__DUPLICATE_METHOD_MATCH = YES;
				"CODE_SIGN_IDENTITY[sdk=iphoneos*]" = "iPhone Developer";
				COPY_PHASE_STRIP = NO;
				DEBUG_INFORMATION_FORMAT = "dwarf-with-dsym";
				ENABLE_NS_ASSERTIONS = NO;
				ENABLE_STRICT_OBJC_MSGSEND = YES;
				GCC_C_LANGUAGE_STANDARD = gnu99;
				GCC_NO_COMMON_BLOCKS = YES;
				GCC_WARN_64_TO_32_BIT_CONVERSION = YES;
				GCC_WARN_ABOUT_RETURN_TYPE = YES_ERROR;
				GCC_WARN_UNDECLARED_SELECTOR = YES;
				GCC_WARN_UNINITIALIZED_AUTOS = YES_AGGRESSIVE;
				GCC_WARN_UNUSED_FUNCTION = YES;
				GCC_WARN_UNUSED_VARIABLE = YES;
				IPHONEOS_DEPLOYMENT_TARGET = 9.3;
				MTL_ENABLE_DEBUG_INFO = NO;
				SDKROOT = iphoneos;
				SWIFT_OPTIMIZATION_LEVEL = "-Owholemodule";
				VALIDATE_PRODUCT = YES;
			};
			name = Release;
		};
		607FACF01AFB9204008FA782 /* Debug */ = {
			isa = XCBuildConfiguration;
			baseConfigurationReference = D83DC390CE534B489EF81986 /* Pods-Galileo-iOS_Example.debug.xcconfig */;
			buildSettings = {
				ASSETCATALOG_COMPILER_APPICON_NAME = AppIcon;
				DEVELOPMENT_TEAM = VHZLJMKCP6;
				INFOPLIST_FILE = "Galileo-iOS/Info.plist";
				IPHONEOS_DEPLOYMENT_TARGET = 10.0;
				LD_RUNPATH_SEARCH_PATHS = "$(inherited) @executable_path/Frameworks";
				MODULE_NAME = ExampleApp;
				PRODUCT_BUNDLE_IDENTIFIER = "com.theclashsoft.Galileo-iOS-Example";
				PRODUCT_NAME = "$(TARGET_NAME)";
				SWIFT_SWIFT3_OBJC_INFERENCE = Default;
				SWIFT_VERSION = 4.2;
			};
			name = Debug;
		};
		607FACF11AFB9204008FA782 /* Release */ = {
			isa = XCBuildConfiguration;
			baseConfigurationReference = D520FD5E3CCF06B3B33D4A86 /* Pods-Galileo-iOS_Example.release.xcconfig */;
			buildSettings = {
				ASSETCATALOG_COMPILER_APPICON_NAME = AppIcon;
				DEVELOPMENT_TEAM = VHZLJMKCP6;
				INFOPLIST_FILE = "Galileo-iOS/Info.plist";
				IPHONEOS_DEPLOYMENT_TARGET = 10.0;
				LD_RUNPATH_SEARCH_PATHS = "$(inherited) @executable_path/Frameworks";
				MODULE_NAME = ExampleApp;
				PRODUCT_BUNDLE_IDENTIFIER = "com.theclashsoft.Galileo-iOS-Example";
				PRODUCT_NAME = "$(TARGET_NAME)";
				SWIFT_SWIFT3_OBJC_INFERENCE = Default;
				SWIFT_VERSION = 4.2;
			};
			name = Release;
		};
/* End XCBuildConfiguration section */

/* Begin XCConfigurationList section */
		607FACCB1AFB9204008FA782 /* Build configuration list for PBXProject "Galileo-iOS" */ = {
			isa = XCConfigurationList;
			buildConfigurations = (
				607FACED1AFB9204008FA782 /* Debug */,
				607FACEE1AFB9204008FA782 /* Release */,
			);
			defaultConfigurationIsVisible = 0;
			defaultConfigurationName = Release;
		};
		607FACEF1AFB9204008FA782 /* Build configuration list for PBXNativeTarget "Galileo-iOS_Example" */ = {
			isa = XCConfigurationList;
			buildConfigurations = (
				607FACF01AFB9204008FA782 /* Debug */,
				607FACF11AFB9204008FA782 /* Release */,
			);
			defaultConfigurationIsVisible = 0;
			defaultConfigurationName = Release;
		};
/* End XCConfigurationList section */
	};
	rootObject = 607FACC81AFB9204008FA782 /* Project object */;
}
