PODS:
  - Alamofire (4.7.3)
  - Galileo-iOS (0.1.2):
    - Wormholy
  - Wormholy (1.2.2)

DEPENDENCIES:
  - Alamofire (~> 4.7)
  - Galileo-iOS (from `../`)

SPEC REPOS:
  https://github.com/cocoapods/specs.git:
    - Alamofire
    - Wormholy

EXTERNAL SOURCES:
  Galileo-iOS:
    :path: "../"

SPEC CHECKSUMS:
  Alamofire: c7287b6e5d7da964a70935e5db17046b7fde6568
  Galileo-iOS: 0fe8d2cdf3b5bf1a53aa4a5cd0ec79b5114ad06f
  Wormholy: a6e5d2dca1c54fdf22b2681b93975a18c525318a

PODFILE CHECKSUM: 28eb1e7c28745a08c542fd111a08b1f1985d5d72

COCOAPODS: 1.5.3
