PODS:
  - Alamofire (4.7.3)
  - Galileo-iOS (0.1.3):
    - Wormholy
  - Wormholy (1.2.2)

DEPENDENCIES:
  - Alamofire (~> 4.7)
  - Galileo-iOS (from `../`)

SPEC REPOS:
  https://github.com/cocoapods/specs.git:
    - Alamofire
    - Wormholy

EXTERNAL SOURCES:
  Galileo-iOS:
    :path: "../"

SPEC CHECKSUMS:
  Alamofire: c7287b6e5d7da964a70935e5db17046b7fde6568
  Galileo-iOS: 70adbb925a2cfdc082cf6e0c6fc69459e136faff
  Wormholy: a6e5d2dca1c54fdf22b2681b93975a18c525318a

PODFILE CHECKSUM: c33da0dd722112703ec0d4f9ad8b42c5498850d1

COCOAPODS: 1.5.3
